{
    "_meta": {
        "hash": {
            "sha256": "03d120a98d17596d8a3264226b0ef0e0212ffb2a80d1850a492eeeb0ecf63725"
        },
        "pipfile-spec": 6,
        "requires": {
            "python_version": "3.13"
        },
        "sources": [
            {
                "name": "pypi",
                "url": "https://pypi.org/simple",
                "verify_ssl": true
            }
        ]
    },
    "default": {
        "faker": {
            "hashes": [
                "sha256:a616d35818e2a2387c297de80e2288083bc915e24b7e39d2fb5bc66cce3a929f",
                "sha256:c402212a981a8a28615fea9120d789e3f6062c0c259a82bfb8dff5d273e539d2"
            ],
            "index": "pypi",
            "markers": "python_version >= '3.10'",
            "version": "==40.1.0"
        },
        "tzdata": {
            "hashes": [
                "sha256:06a47e5700f3081aab02b2e513160914ff0694bce9947d6b76ebd6bf57cfc5d1",
                "sha256:de39c2ca5dc7b0344f2eba86f49d614019d29f060fc4ebc8a417896a620b56a7"
            ],
            "markers": "python_version >= '2'",
            "version": "==2025.3"
        }
    },
    "develop": {
        "colorama": {
            "hashes": [
                "sha256:08695f5cb7ed6e0531a20572697297273c47b8cae5a63ffc6d6ed5c201be6e44",
                "sha256:4f1d9991f5acc0ca119f9d443620b77f9d6b33703e51011c16baf57afb285fc6"
            ],
            "markers": "python_version >= '2.7' and python_version not in '3.0, 3.1, 3.2, 3.3, 3.4, 3.5, 3.6'",
            "version": "==0.4.6"
        },
        "honcho": {
            "hashes": [
                "sha256:56dcd04fc72d362a4befb9303b1a1a812cba5da283526fbc6509be122918ddf3",
                "sha256:af3815c03c634bf67d50f114253ea9fef72ecff26e4fd06b29234789ac5b8b2e"
            ],
            "index": "pypi",
            "version": "==2.0.0"
        }
    }
}
